
Microsoft Visual Studio Solution File, Format Version 12.00
# Visual Studio 15
VisualStudioVersion = 15.0.28307.168
MinimumVisualStudioVersion = 10.0.40219.1
Project("{FAE04EC0-301F-11D3-BF4B-00C04F79EFBC}") = "Hcsr501", "Hcsr501\Hcsr501.csproj", "{D6AF5413-A7E5-460D-A698-4036B1FD463F}"
EndProject
Project("{FAE04EC0-301F-11D3-BF4B-00C04F79EFBC}") = "Hcsr501.Samples", "Hcsr501.Samples\Hcsr501.Samples.csproj", "{3DD95F9B-B1A2-4725-9507-5569A3F72E27}"
EndProject
Global
	GlobalSection(SolutionConfigurationPlatforms) = preSolution
		Debug|Any CPU = Debug|Any CPU
		Release|Any CPU = Release|Any CPU
	EndGlobalSection
	GlobalSection(ProjectConfigurationPlatforms) = postSolution
		{D6AF5413-A7E5-460D-A698-4036B1FD463F}.Debug|Any CPU.ActiveCfg = Debug|Any CPU
		{D6AF5413-A7E5-460D-A698-4036B1FD463F}.Debug|Any CPU.Build.0 = Debug|Any CPU
		{D6AF5413-A7E5-460D-A698-4036B1FD463F}.Release|Any CPU.ActiveCfg = Release|Any CPU
		{D6AF5413-A7E5-460D-A698-4036B1FD463F}.Release|Any CPU.Build.0 = Release|Any CPU
		{3DD95F9B-B1A2-4725-9507-5569A3F72E27}.Debug|Any CPU.ActiveCfg = Debug|Any CPU
		{3DD95F9B-B1A2-4725-9507-5569A3F72E27}.Debug|Any CPU.Build.0 = Debug|Any CPU
		{3DD95F9B-B1A2-4725-9507-5569A3F72E27}.Release|Any CPU.ActiveCfg = Release|Any CPU
		{3DD95F9B-B1A2-4725-9507-5569A3F72E27}.Release|Any CPU.Build.0 = Release|Any CPU
	EndGlobalSection
	GlobalSection(SolutionProperties) = preSolution
		HideSolutionNode = FALSE
	EndGlobalSection
	GlobalSection(ExtensibilityGlobals) = postSolution
		SolutionGuid = {4B05B198-A0B5-43AF-A7EF-643110501D27}
	EndGlobalSection
EndGlobal
