
Microsoft Visual Studio Solution File, Format Version 12.00
# Visual Studio 15
VisualStudioVersion = 15.0.28307.168
MinimumVisualStudioVersion = 10.0.40219.1
Project("{FAE04EC0-301F-11D3-BF4B-00C04F79EFBC}") = "Mlx90614", "Mlx90614\Mlx90614.csproj", "{E7374629-17BC-4C6B-93A3-833FEAF05D86}"
EndProject
Project("{FAE04EC0-301F-11D3-BF4B-00C04F79EFBC}") = "Mlx90614.Samples", "Mlx90614.Samples\Mlx90614.Samples.csproj", "{6685294D-3401-4DB5-AE4A-A68C0952C615}"
EndProject
Global
	GlobalSection(SolutionConfigurationPlatforms) = preSolution
		Debug|Any CPU = Debug|Any CPU
		Release|Any CPU = Release|Any CPU
	EndGlobalSection
	GlobalSection(ProjectConfigurationPlatforms) = postSolution
		{E7374629-17BC-4C6B-93A3-833FEAF05D86}.Debug|Any CPU.ActiveCfg = Debug|Any CPU
		{E7374629-17BC-4C6B-93A3-833FEAF05D86}.Debug|Any CPU.Build.0 = Debug|Any CPU
		{E7374629-17BC-4C6B-93A3-833FEAF05D86}.Release|Any CPU.ActiveCfg = Release|Any CPU
		{E7374629-17BC-4C6B-93A3-833FEAF05D86}.Release|Any CPU.Build.0 = Release|Any CPU
		{6685294D-3401-4DB5-AE4A-A68C0952C615}.Debug|Any CPU.ActiveCfg = Debug|Any CPU
		{6685294D-3401-4DB5-AE4A-A68C0952C615}.Debug|Any CPU.Build.0 = Debug|Any CPU
		{6685294D-3401-4DB5-AE4A-A68C0952C615}.Release|Any CPU.ActiveCfg = Release|Any CPU
		{6685294D-3401-4DB5-AE4A-A68C0952C615}.Release|Any CPU.Build.0 = Release|Any CPU
	EndGlobalSection
	GlobalSection(SolutionProperties) = preSolution
		HideSolutionNode = FALSE
	EndGlobalSection
	GlobalSection(ExtensibilityGlobals) = postSolution
		SolutionGuid = {5D59D505-9263-4A53-A532-423602F84876}
	EndGlobalSection
EndGlobal
